// !$*UTF8*$!
{
	archiveVersion = 1;
	classes = {
	};
	objectVersion = 50;
	objects = {

/* Begin PBXBuildFile section */
		57025EA4245AC284002D414F /* AppDelegate.swift in Sources */ = {isa = PBXBuildFile; fileRef = 57025EA3245AC284002D414F /* AppDelegate.swift */; };
		57025EA6245AC284002D414F /* ViewController.swift in Sources */ = {isa = PBXBuildFile; fileRef = 57025EA5245AC284002D414F /* ViewController.swift */; };
		57025EA8245AC286002D414F /* Assets.xcassets in Resources */ = {isa = PBXBuildFile; fileRef = 57025EA7245AC286002D414F /* Assets.xcassets */; };
		57025EAB245AC286002D414F /* Main.storyboard in Resources */ = {isa = PBXBuildFile; fileRef = 57025EA9245AC286002D414F /* Main.storyboard */; };
		57025EB4245AC429002D414F /* Person.swift in Sources */ = {isa = PBXBuildFile; fileRef = 57025EB3245AC429002D414F /* Person.swift */; };
/* End PBXBuildFile section */

/* Begin PBXFileReference section */
		57025EA0245AC284002D414F /* Cocoa Binding.app */ = {isa = PBXFileReference; explicitFileType = wrapper.application; includeInIndex = 0; path = "Cocoa Binding.app"; sourceTree = BUILT_PRODUCTS_DIR; };
		57025EA3245AC284002D414F /* AppDelegate.swift */ = {isa = PBXFileReference; lastKnownFileType = sourcecode.swift; path = AppDelegate.swift; sourceTree = "<group>"; };
		57025EA5245AC284002D414F /* ViewController.swift */ = {isa = PBXFileReference; lastKnownFileType = sourcecode.swift; path = ViewController.swift; sourceTree = "<group>"; };
		57025EA7245AC286002D414F /* Assets.xcassets */ = {isa = PBXFileReference; lastKnownFileType = folder.assetcatalog; path = Assets.xcassets; sourceTree = "<group>"; };
		57025EAA245AC286002D414F /* Base */ = {isa = PBXFileReference; lastKnownFileType = file.storyboard; name = Base; path = Base.lproj/Main.storyboard; sourceTree = "<group>"; };
		57025EAC245AC286002D414F /* Info.plist */ = {isa = PBXFileReference; lastKnownFileType = text.plist.xml; path = Info.plist; sourceTree = "<group>"; };
		57025EAD245AC286002D414F /* Cocoa_Binding.entitlements */ = {isa = PBXFileReference; lastKnownFileType = text.plist.entitlements; path = Cocoa_Binding.entitlements; sourceTree = "<group>"; };
		57025EB3245AC429002D414F /* Person.swift */ = {isa = PBXFileReference; lastKnownFileType = sourcecode.swift; path = Person.swift; sourceTree = "<group>"; };
/* End PBXFileReference section */

/* Begin PBXFrameworksBuildPhase section */
		57025E9D245AC284002D414F /* Frameworks */ = {
			isa = PBXFrameworksBuildPhase;
			buildActionMask = 2147483647;
			files = (
			);
			runOnlyForDeploymentPostprocessing = 0;
		};
/* End PBXFrameworksBuildPhase section */

/* Begin PBXGroup section */
		57025E97245AC284002D414F = {
			isa = PBXGroup;
			children = (
				57025EA2245AC284002D414F /* Cocoa Binding */,
				57025EA1245AC284002D414F /* Products */,
			);
			sourceTree = "<group>";
		};
		57025EA1245AC284002D414F /* Products */ = {
			isa = PBXGroup;
			children = (
				57025EA0245AC284002D414F /* Cocoa Binding.app */,
			);
			name = Products;
			sourceTree = "<group>";
		};
		57025EA2245AC284002D414F /* Cocoa Binding */ = {
			isa = PBXGroup;
			children = (
				57025EA3245AC284002D414F /* AppDelegate.swift */,
				57025EA5245AC284002D414F /* ViewController.swift */,
				57025EA7245AC286002D414F /* Assets.xcassets */,
				57025EA9245AC286002D414F /* Main.storyboard */,
				57025EAC245AC286002D414F /* Info.plist */,
				57025EAD245AC286002D414F /* Cocoa_Binding.entitlements */,
				57025EB3245AC429002D414F /* Person.swift */,
			);
			path = "Cocoa Binding";
			sourceTree = "<group>";
		};
/* End PBXGroup section */

/* Begin PBXNativeTarget section */
		57025E9F245AC284002D414F /* Cocoa Binding */ = {
			isa = PBXNativeTarget;
			buildConfigurationList = 57025EB0245AC286002D414F /* Build configuration list for PBXNativeTarget "Cocoa Binding" */;
			buildPhases = (
				57025E9C245AC284002D414F /* Sources */,
				57025E9D245AC284002D414F /* Frameworks */,
				57025E9E245AC284002D414F /* Resources */,
			);
			buildRules = (
			);
			dependencies = (
			);
			name = "Cocoa Binding";
			productName = "Cocoa Binding";
			productReference = 57025EA0245AC284002D414F /* Cocoa Binding.app */;
			productType = "com.apple.product-type.application";
		};
/* End PBXNativeTarget section */

/* Begin PBXProject section */
		57025E98245AC284002D414F /* Project object */ = {
			isa = PBXProject;
			attributes = {
				LastSwiftUpdateCheck = 1140;
				LastUpgradeCheck = 1140;
				ORGANIZATIONNAME = purzelbaum.hu;
				TargetAttributes = {
					57025E9F245AC284002D414F = {
						CreatedOnToolsVersion = 11.4.1;
					};
				};
			};
			buildConfigurationList = 57025E9B245AC284002D414F /* Build configuration list for PBXProject "Cocoa Binding" */;
			compatibilityVersion = "Xcode 9.3";
			developmentRegion = en;
			hasScannedForEncodings = 0;
			knownRegions = (
				en,
				Base,
			);
			mainGroup = 57025E97245AC284002D414F;
			productRefGroup = 57025EA1245AC284002D414F /* Products */;
			projectDirPath = "";
			projectRoot = "";
			targets = (
				57025E9F245AC284002D414F /* Cocoa Binding */,
			);
		};
/* End PBXProject section */

/* Begin PBXResourcesBuildPhase section */
		57025E9E245AC284002D414F /* Resources */ = {
			isa = PBXResourcesBuildPhase;
			buildActionMask = 2147483647;
			files = (
				57025EA8245AC286002D414F /* Assets.xcassets in Resources */,
				57025EAB245AC286002D414F /* Main.storyboard in Resources */,
			);
			runOnlyForDeploymentPostprocessing = 0;
		};
/* End PBXResourcesBuildPhase section */

/* Begin PBXSourcesBuildPhase section */
		57025E9C245AC284002D414F /* Sources */ = {
			isa = PBXSourcesBuildPhase;
			buildActionMask = 2147483647;
			files = (
				57025EB4245AC429002D414F /* Person.swift in Sources */,
				57025EA6245AC284002D414F /* ViewController.swift in Sources */,
				57025EA4245AC284002D414F /* AppDelegate.swift in Sources */,
			);
			runOnlyForDeploymentPostprocessing = 0;
		};
/* End PBXSourcesBuildPhase section */

/* Begin PBXVariantGroup section */
		57025EA9245AC286002D414F /* Main.storyboard */ = {
			isa = PBXVariantGroup;
			children = (
				57025EAA245AC286002D414F /* Base */,
			);
			name = Main.storyboard;
			sourceTree = "<group>";
		};
/* End PBXVariantGroup section */

/* Begin XCBuildConfiguration section */
		57025EAE245AC286002D414F /* Debug */ = {
			isa = XCBuildConfiguration;
			buildSettings = {
				ALWAYS_SEARCH_USER_PATHS = NO;
				CLANG_ANALYZER_NONNULL = YES;
				CLANG_ANALYZER_NUMBER_OBJECT_CONVERSION = YES_AGGRESSIVE;
				CLANG_CXX_LANGUAGE_STANDARD = "gnu++14";
				CLANG_CXX_LIBRARY = "libc++";
				CLANG_ENABLE_MODULES = YES;
				CLANG_ENABLE_OBJC_ARC = YES;
				CLANG_ENABLE_OBJC_WEAK = YES;
				CLANG_WARN_BLOCK_CAPTURE_AUTORELEASING = YES;
				CLANG_WARN_BOOL_CONVERSION = YES;
				CLANG_WARN_COMMA = YES;
				CLANG_WARN_CONSTANT_CONVERSION = YES;
				CLANG_WARN_DEPRECATED_OBJC_IMPLEMENTATIONS = YES;
				CLANG_WARN_DIRECT_OBJC_ISA_USAGE = YES_ERROR;
				CLANG_WARN_DOCUMENTATION_COMMENTS = YES;
				CLANG_WARN_EMPTY_BODY = YES;
				CLANG_WARN_ENUM_CONVERSION = YES;
				CLANG_WARN_INFINITE_RECURSION = YES;
				CLANG_WARN_INT_CONVERSION = YES;
				CLANG_WARN_NON_LITERAL_NULL_CONVERSION = YES;
				CLANG_WARN_OBJC_IMPLICIT_RETAIN_SELF = YES;
				CLANG_WARN_OBJC_LITERAL_CONVERSION = YES;
				CLANG_WARN_OBJC_ROOT_CLASS = YES_ERROR;
				CLANG_WARN_RANGE_LOOP_ANALYSIS = YES;
				CLANG_WARN_STRICT_PROTOTYPES = YES;
				CLANG_WARN_SUSPICIOUS_MOVE = YES;
				CLANG_WARN_UNGUARDED_AVAILABILITY = YES_AGGRESSIVE;
				CLANG_WARN_UNREACHABLE_CODE = YES;
				CLANG_WARN__DUPLICATE_METHOD_MATCH = YES;
				COPY_PHASE_STRIP = NO;
				DEBUG_INFORMATION_FORMAT = dwarf;
				ENABLE_STRICT_OBJC_MSGSEND = YES;
				ENABLE_TESTABILITY = YES;
				GCC_C_LANGUAGE_STANDARD = gnu11;
				GCC_DYNAMIC_NO_PIC = NO;
				GCC_NO_COMMON_BLOCKS = YES;
				GCC_OPTIMIZATION_LEVEL = 0;
				GCC_PREPROCESSOR_DEFINITIONS = (
					"DEBUG=1",
					"$(inherited)",
				);
				GCC_WARN_64_TO_32_BIT_CONVERSION = YES;
				GCC_WARN_ABOUT_RETURN_TYPE = YES_ERROR;
				GCC_WARN_UNDECLARED_SELECTOR = YES;
				GCC_WARN_UNINITIALIZED_AUTOS = YES_AGGRESSIVE;
				GCC_WARN_UNUSED_FUNCTION = YES;
				GCC_WARN_UNUSED_VARIABLE = YES;
				MACOSX_DEPLOYMENT_TARGET = 10.15;
				MTL_ENABLE_DEBUG_INFO = INCLUDE_SOURCE;
				MTL_FAST_MATH = YES;
				ONLY_ACTIVE_ARCH = YES;
				SDKROOT = macosx;
				SWIFT_ACTIVE_COMPILATION_CONDITIONS = DEBUG;
				SWIFT_OPTIMIZATION_LEVEL = "-Onone";
			};
			name = Debug;
		};
		57025EAF245AC286002D414F /* Release */ = {
			isa = XCBuildConfiguration;
			buildSettings = {
				ALWAYS_SEARCH_USER_PATHS = NO;
				CLANG_ANALYZER_NONNULL = YES;
				CLANG_ANALYZER_NUMBER_OBJECT_CONVERSION = YES_AGGRESSIVE;
				CLANG_CXX_LANGUAGE_STANDARD = "gnu++14";
				CLANG_CXX_LIBRARY = "libc++";
				CLANG_ENABLE_MODULES = YES;
				CLANG_ENABLE_OBJC_ARC = YES;
				CLANG_ENABLE_OBJC_WEAK = YES;
				CLANG_WARN_BLOCK_CAPTURE_AUTORELEASING = YES;
				CLANG_WARN_BOOL_CONVERSION = YES;
				CLANG_WARN_COMMA = YES;
				CLANG_WARN_CONSTANT_CONVERSION = YES;
				CLANG_WARN_DEPRECATED_OBJC_IMPLEMENTATIONS = YES;
				CLANG_WARN_DIRECT_OBJC_ISA_USAGE = YES_ERROR;
				CLANG_WARN_DOCUMENTATION_COMMENTS = YES;
				CLANG_WARN_EMPTY_BODY = YES;
				CLANG_WARN_ENUM_CONVERSION = YES;
				CLANG_WARN_INFINITE_RECURSION = YES;
				CLANG_WARN_INT_CONVERSION = YES;
				CLANG_WARN_NON_LITERAL_NULL_CONVERSION = YES;
				CLANG_WARN_OBJC_IMPLICIT_RETAIN_SELF = YES;
				CLANG_WARN_OBJC_LITERAL_CONVERSION = YES;
				CLANG_WARN_OBJC_ROOT_CLASS = YES_ERROR;
				CLANG_WARN_RANGE_LOOP_ANALYSIS = YES;
				CLANG_WARN_STRICT_PROTOTYPES = YES;
				CLANG_WARN_SUSPICIOUS_MOVE = YES;
				CLANG_WARN_UNGUARDED_AVAILABILITY = YES_AGGRESSIVE;
				CLANG_WARN_UNREACHABLE_CODE = YES;
				CLANG_WARN__DUPLICATE_METHOD_MATCH = YES;
				COPY_PHASE_STRIP = NO;
				DEBUG_INFORMATION_FORMAT = "dwarf-with-dsym";
				ENABLE_NS_ASSERTIONS = NO;
				ENABLE_STRICT_OBJC_MSGSEND = YES;
				GCC_C_LANGUAGE_STANDARD = gnu11;
				GCC_NO_COMMON_BLOCKS = YES;
				GCC_WARN_64_TO_32_BIT_CONVERSION = YES;
				GCC_WARN_ABOUT_RETURN_TYPE = YES_ERROR;
				GCC_WARN_UNDECLARED_SELECTOR = YES;
				GCC_WARN_UNINITIALIZED_AUTOS = YES_AGGRESSIVE;
				GCC_WARN_UNUSED_FUNCTION = YES;
				GCC_WARN_UNUSED_VARIABLE = YES;
				MACOSX_DEPLOYMENT_TARGET = 10.15;
				MTL_ENABLE_DEBUG_INFO = NO;
				MTL_FAST_MATH = YES;
				SDKROOT = macosx;
				SWIFT_COMPILATION_MODE = wholemodule;
				SWIFT_OPTIMIZATION_LEVEL = "-O";
			};
			name = Release;
		};
		57025EB1245AC286002D414F /* Debug */ = {
			isa = XCBuildConfiguration;
			buildSettings = {
				ASSETCATALOG_COMPILER_APPICON_NAME = AppIcon;
				CODE_SIGN_ENTITLEMENTS = "Cocoa Binding/Cocoa_Binding.entitlements";
				CODE_SIGN_STYLE = Automatic;
				COMBINE_HIDPI_IMAGES = YES;
				DEVELOPMENT_TEAM = 358WHQF94W;
				ENABLE_HARDENED_RUNTIME = YES;
				INFOPLIST_FILE = "Cocoa Binding/Info.plist";
				LD_RUNPATH_SEARCH_PATHS = (
					"$(inherited)",
					"@executable_path/../Frameworks",
				);
				PRODUCT_BUNDLE_IDENTIFIER = "hu.purzelbaum.Cocoa-Binding";
				PRODUCT_NAME = "$(TARGET_NAME)";
				SWIFT_VERSION = 5.0;
			};
			name = Debug;
		};
		57025EB2245AC286002D414F /* Release */ = {
			isa = XCBuildConfiguration;
			buildSettings = {
				ASSETCATALOG_COMPILER_APPICON_NAME = AppIcon;
				CODE_SIGN_ENTITLEMENTS = "Cocoa Binding/Cocoa_Binding.entitlements";
				CODE_SIGN_STYLE = Automatic;
				COMBINE_HIDPI_IMAGES = YES;
				DEVELOPMENT_TEAM = 358WHQF94W;
				ENABLE_HARDENED_RUNTIME = YES;
				INFOPLIST_FILE = "Cocoa Binding/Info.plist";
				LD_RUNPATH_SEARCH_PATHS = (
					"$(inherited)",
					"@executable_path/../Frameworks",
				);
				PRODUCT_BUNDLE_IDENTIFIER = "hu.purzelbaum.Cocoa-Binding";
				PRODUCT_NAME = "$(TARGET_NAME)";
				SWIFT_VERSION = 5.0;
			};
			name = Release;
		};
/* End XCBuildConfiguration section */

/* Begin XCConfigurationList section */
		57025E9B245AC284002D414F /* Build configuration list for PBXProject "Cocoa Binding" */ = {
			isa = XCConfigurationList;
			buildConfigurations = (
				57025EAE245AC286002D414F /* Debug */,
				57025EAF245AC286002D414F /* Release */,
			);
			defaultConfigurationIsVisible = 0;
			defaultConfigurationName = Release;
		};
		57025EB0245AC286002D414F /* Build configuration list for PBXNativeTarget "Cocoa Binding" */ = {
			isa = XCConfigurationList;
			buildConfigurations = (
				57025EB1245AC286002D414F /* Debug */,
				57025EB2245AC286002D414F /* Release */,
			);
			defaultConfigurationIsVisible = 0;
			defaultConfigurationName = Release;
		};
/* End XCConfigurationList section */
	};
	rootObject = 57025E98245AC284002D414F /* Project object */;
}
