// !$*UTF8*$!
{
	archiveVersion = 1;
	classes = {
	};
	objectVersion = 50;
	objects = {

/* Begin PBXBuildFile section */
		575A60FD24897B2F00FBD34F /* AppDelegate.swift in Sources */ = {isa = PBXBuildFile; fileRef = 575A60FC24897B2F00FBD34F /* AppDelegate.swift */; };
		575A610124897B3100FBD34F /* Assets.xcassets in Resources */ = {isa = PBXBuildFile; fileRef = 575A610024897B3100FBD34F /* Assets.xcassets */; };
		575A610424897B3100FBD34F /* Main.storyboard in Resources */ = {isa = PBXBuildFile; fileRef = 575A610224897B3100FBD34F /* Main.storyboard */; };
		575A610D24897CDC00FBD34F /* MainWindow.swift in Sources */ = {isa = PBXBuildFile; fileRef = 575A610C24897CDC00FBD34F /* MainWindow.swift */; };
		575A610F248987E000FBD34F /* MainWindowController.swift in Sources */ = {isa = PBXBuildFile; fileRef = 575A610E248987E000FBD34F /* MainWindowController.swift */; };
		575A611124898FFA00FBD34F /* MyViewController.swift in Sources */ = {isa = PBXBuildFile; fileRef = 575A611024898FFA00FBD34F /* MyViewController.swift */; };
/* End PBXBuildFile section */

/* Begin PBXFileReference section */
		575A60F924897B2F00FBD34F /* SemiStoryboard.app */ = {isa = PBXFileReference; explicitFileType = wrapper.application; includeInIndex = 0; path = SemiStoryboard.app; sourceTree = BUILT_PRODUCTS_DIR; };
		575A60FC24897B2F00FBD34F /* AppDelegate.swift */ = {isa = PBXFileReference; lastKnownFileType = sourcecode.swift; path = AppDelegate.swift; sourceTree = "<group>"; };
		575A610024897B3100FBD34F /* Assets.xcassets */ = {isa = PBXFileReference; lastKnownFileType = folder.assetcatalog; path = Assets.xcassets; sourceTree = "<group>"; };
		575A610324897B3100FBD34F /* Base */ = {isa = PBXFileReference; lastKnownFileType = file.storyboard; name = Base; path = Base.lproj/Main.storyboard; sourceTree = "<group>"; };
		575A610524897B3100FBD34F /* Info.plist */ = {isa = PBXFileReference; lastKnownFileType = text.plist.xml; path = Info.plist; sourceTree = "<group>"; };
		575A610624897B3100FBD34F /* SemiStoryboard.entitlements */ = {isa = PBXFileReference; lastKnownFileType = text.plist.entitlements; path = SemiStoryboard.entitlements; sourceTree = "<group>"; };
		575A610C24897CDC00FBD34F /* MainWindow.swift */ = {isa = PBXFileReference; lastKnownFileType = sourcecode.swift; path = MainWindow.swift; sourceTree = "<group>"; };
		575A610E248987E000FBD34F /* MainWindowController.swift */ = {isa = PBXFileReference; lastKnownFileType = sourcecode.swift; path = MainWindowController.swift; sourceTree = "<group>"; };
		575A611024898FFA00FBD34F /* MyViewController.swift */ = {isa = PBXFileReference; lastKnownFileType = sourcecode.swift; path = MyViewController.swift; sourceTree = "<group>"; };
/* End PBXFileReference section */

/* Begin PBXFrameworksBuildPhase section */
		575A60F624897B2F00FBD34F /* Frameworks */ = {
			isa = PBXFrameworksBuildPhase;
			buildActionMask = 2147483647;
			files = (
			);
			runOnlyForDeploymentPostprocessing = 0;
		};
/* End PBXFrameworksBuildPhase section */

/* Begin PBXGroup section */
		575A60F024897B2F00FBD34F = {
			isa = PBXGroup;
			children = (
				575A60FB24897B2F00FBD34F /* SemiStoryboard */,
				575A60FA24897B2F00FBD34F /* Products */,
			);
			sourceTree = "<group>";
		};
		575A60FA24897B2F00FBD34F /* Products */ = {
			isa = PBXGroup;
			children = (
				575A60F924897B2F00FBD34F /* SemiStoryboard.app */,
			);
			name = Products;
			sourceTree = "<group>";
		};
		575A60FB24897B2F00FBD34F /* SemiStoryboard */ = {
			isa = PBXGroup;
			children = (
				575A60FC24897B2F00FBD34F /* AppDelegate.swift */,
				575A610024897B3100FBD34F /* Assets.xcassets */,
				575A610224897B3100FBD34F /* Main.storyboard */,
				575A610524897B3100FBD34F /* Info.plist */,
				575A610624897B3100FBD34F /* SemiStoryboard.entitlements */,
				575A610C24897CDC00FBD34F /* MainWindow.swift */,
				575A610E248987E000FBD34F /* MainWindowController.swift */,
				575A611024898FFA00FBD34F /* MyViewController.swift */,
			);
			path = SemiStoryboard;
			sourceTree = "<group>";
		};
/* End PBXGroup section */

/* Begin PBXNativeTarget section */
		575A60F824897B2F00FBD34F /* SemiStoryboard */ = {
			isa = PBXNativeTarget;
			buildConfigurationList = 575A610924897B3100FBD34F /* Build configuration list for PBXNativeTarget "SemiStoryboard" */;
			buildPhases = (
				575A60F524897B2F00FBD34F /* Sources */,
				575A60F624897B2F00FBD34F /* Frameworks */,
				575A60F724897B2F00FBD34F /* Resources */,
			);
			buildRules = (
			);
			dependencies = (
			);
			name = SemiStoryboard;
			productName = SemiStoryboard;
			productReference = 575A60F924897B2F00FBD34F /* SemiStoryboard.app */;
			productType = "com.apple.product-type.application";
		};
/* End PBXNativeTarget section */

/* Begin PBXProject section */
		575A60F124897B2F00FBD34F /* Project object */ = {
			isa = PBXProject;
			attributes = {
				LastSwiftUpdateCheck = 1150;
				LastUpgradeCheck = 1150;
				ORGANIZATIONNAME = purzelbaum.hu;
				TargetAttributes = {
					575A60F824897B2F00FBD34F = {
						CreatedOnToolsVersion = 11.5;
					};
				};
			};
			buildConfigurationList = 575A60F424897B2F00FBD34F /* Build configuration list for PBXProject "SemiStoryboard" */;
			compatibilityVersion = "Xcode 9.3";
			developmentRegion = en;
			hasScannedForEncodings = 0;
			knownRegions = (
				en,
				Base,
			);
			mainGroup = 575A60F024897B2F00FBD34F;
			productRefGroup = 575A60FA24897B2F00FBD34F /* Products */;
			projectDirPath = "";
			projectRoot = "";
			targets = (
				575A60F824897B2F00FBD34F /* SemiStoryboard */,
			);
		};
/* End PBXProject section */

/* Begin PBXResourcesBuildPhase section */
		575A60F724897B2F00FBD34F /* Resources */ = {
			isa = PBXResourcesBuildPhase;
			buildActionMask = 2147483647;
			files = (
				575A610124897B3100FBD34F /* Assets.xcassets in Resources */,
				575A610424897B3100FBD34F /* Main.storyboard in Resources */,
			);
			runOnlyForDeploymentPostprocessing = 0;
		};
/* End PBXResourcesBuildPhase section */

/* Begin PBXSourcesBuildPhase section */
		575A60F524897B2F00FBD34F /* Sources */ = {
			isa = PBXSourcesBuildPhase;
			buildActionMask = 2147483647;
			files = (
				575A610D24897CDC00FBD34F /* MainWindow.swift in Sources */,
				575A60FD24897B2F00FBD34F /* AppDelegate.swift in Sources */,
				575A611124898FFA00FBD34F /* MyViewController.swift in Sources */,
				575A610F248987E000FBD34F /* MainWindowController.swift in Sources */,
			);
			runOnlyForDeploymentPostprocessing = 0;
		};
/* End PBXSourcesBuildPhase section */

/* Begin PBXVariantGroup section */
		575A610224897B3100FBD34F /* Main.storyboard */ = {
			isa = PBXVariantGroup;
			children = (
				575A610324897B3100FBD34F /* Base */,
			);
			name = Main.storyboard;
			sourceTree = "<group>";
		};
/* End PBXVariantGroup section */

/* Begin XCBuildConfiguration section */
		575A610724897B3100FBD34F /* Debug */ = {
			isa = XCBuildConfiguration;
			buildSettings = {
				ALWAYS_SEARCH_USER_PATHS = NO;
				CLANG_ANALYZER_NONNULL = YES;
				CLANG_ANALYZER_NUMBER_OBJECT_CONVERSION = YES_AGGRESSIVE;
				CLANG_CXX_LANGUAGE_STANDARD = "gnu++14";
				CLANG_CXX_LIBRARY = "libc++";
				CLANG_ENABLE_MODULES = YES;
				CLANG_ENABLE_OBJC_ARC = YES;
				CLANG_ENABLE_OBJC_WEAK = YES;
				CLANG_WARN_BLOCK_CAPTURE_AUTORELEASING = YES;
				CLANG_WARN_BOOL_CONVERSION = YES;
				CLANG_WARN_COMMA = YES;
				CLANG_WARN_CONSTANT_CONVERSION = YES;
				CLANG_WARN_DEPRECATED_OBJC_IMPLEMENTATIONS = YES;
				CLANG_WARN_DIRECT_OBJC_ISA_USAGE = YES_ERROR;
				CLANG_WARN_DOCUMENTATION_COMMENTS = YES;
				CLANG_WARN_EMPTY_BODY = YES;
				CLANG_WARN_ENUM_CONVERSION = YES;
				CLANG_WARN_INFINITE_RECURSION = YES;
				CLANG_WARN_INT_CONVERSION = YES;
				CLANG_WARN_NON_LITERAL_NULL_CONVERSION = YES;
				CLANG_WARN_OBJC_IMPLICIT_RETAIN_SELF = YES;
				CLANG_WARN_OBJC_LITERAL_CONVERSION = YES;
				CLANG_WARN_OBJC_ROOT_CLASS = YES_ERROR;
				CLANG_WARN_RANGE_LOOP_ANALYSIS = YES;
				CLANG_WARN_STRICT_PROTOTYPES = YES;
				CLANG_WARN_SUSPICIOUS_MOVE = YES;
				CLANG_WARN_UNGUARDED_AVAILABILITY = YES_AGGRESSIVE;
				CLANG_WARN_UNREACHABLE_CODE = YES;
				CLANG_WARN__DUPLICATE_METHOD_MATCH = YES;
				COPY_PHASE_STRIP = NO;
				DEBUG_INFORMATION_FORMAT = dwarf;
				ENABLE_STRICT_OBJC_MSGSEND = YES;
				ENABLE_TESTABILITY = YES;
				GCC_C_LANGUAGE_STANDARD = gnu11;
				GCC_DYNAMIC_NO_PIC = NO;
				GCC_NO_COMMON_BLOCKS = YES;
				GCC_OPTIMIZATION_LEVEL = 0;
				GCC_PREPROCESSOR_DEFINITIONS = (
					"DEBUG=1",
					"$(inherited)",
				);
				GCC_WARN_64_TO_32_BIT_CONVERSION = YES;
				GCC_WARN_ABOUT_RETURN_TYPE = YES_ERROR;
				GCC_WARN_UNDECLARED_SELECTOR = YES;
				GCC_WARN_UNINITIALIZED_AUTOS = YES_AGGRESSIVE;
				GCC_WARN_UNUSED_FUNCTION = YES;
				GCC_WARN_UNUSED_VARIABLE = YES;
				MACOSX_DEPLOYMENT_TARGET = 10.15;
				MTL_ENABLE_DEBUG_INFO = INCLUDE_SOURCE;
				MTL_FAST_MATH = YES;
				ONLY_ACTIVE_ARCH = YES;
				SDKROOT = macosx;
				SWIFT_ACTIVE_COMPILATION_CONDITIONS = DEBUG;
				SWIFT_OPTIMIZATION_LEVEL = "-Onone";
			};
			name = Debug;
		};
		575A610824897B3100FBD34F /* Release */ = {
			isa = XCBuildConfiguration;
			buildSettings = {
				ALWAYS_SEARCH_USER_PATHS = NO;
				CLANG_ANALYZER_NONNULL = YES;
				CLANG_ANALYZER_NUMBER_OBJECT_CONVERSION = YES_AGGRESSIVE;
				CLANG_CXX_LANGUAGE_STANDARD = "gnu++14";
				CLANG_CXX_LIBRARY = "libc++";
				CLANG_ENABLE_MODULES = YES;
				CLANG_ENABLE_OBJC_ARC = YES;
				CLANG_ENABLE_OBJC_WEAK = YES;
				CLANG_WARN_BLOCK_CAPTURE_AUTORELEASING = YES;
				CLANG_WARN_BOOL_CONVERSION = YES;
				CLANG_WARN_COMMA = YES;
				CLANG_WARN_CONSTANT_CONVERSION = YES;
				CLANG_WARN_DEPRECATED_OBJC_IMPLEMENTATIONS = YES;
				CLANG_WARN_DIRECT_OBJC_ISA_USAGE = YES_ERROR;
				CLANG_WARN_DOCUMENTATION_COMMENTS = YES;
				CLANG_WARN_EMPTY_BODY = YES;
				CLANG_WARN_ENUM_CONVERSION = YES;
				CLANG_WARN_INFINITE_RECURSION = YES;
				CLANG_WARN_INT_CONVERSION = YES;
				CLANG_WARN_NON_LITERAL_NULL_CONVERSION = YES;
				CLANG_WARN_OBJC_IMPLICIT_RETAIN_SELF = YES;
				CLANG_WARN_OBJC_LITERAL_CONVERSION = YES;
				CLANG_WARN_OBJC_ROOT_CLASS = YES_ERROR;
				CLANG_WARN_RANGE_LOOP_ANALYSIS = YES;
				CLANG_WARN_STRICT_PROTOTYPES = YES;
				CLANG_WARN_SUSPICIOUS_MOVE = YES;
				CLANG_WARN_UNGUARDED_AVAILABILITY = YES_AGGRESSIVE;
				CLANG_WARN_UNREACHABLE_CODE = YES;
				CLANG_WARN__DUPLICATE_METHOD_MATCH = YES;
				COPY_PHASE_STRIP = NO;
				DEBUG_INFORMATION_FORMAT = "dwarf-with-dsym";
				ENABLE_NS_ASSERTIONS = NO;
				ENABLE_STRICT_OBJC_MSGSEND = YES;
				GCC_C_LANGUAGE_STANDARD = gnu11;
				GCC_NO_COMMON_BLOCKS = YES;
				GCC_WARN_64_TO_32_BIT_CONVERSION = YES;
				GCC_WARN_ABOUT_RETURN_TYPE = YES_ERROR;
				GCC_WARN_UNDECLARED_SELECTOR = YES;
				GCC_WARN_UNINITIALIZED_AUTOS = YES_AGGRESSIVE;
				GCC_WARN_UNUSED_FUNCTION = YES;
				GCC_WARN_UNUSED_VARIABLE = YES;
				MACOSX_DEPLOYMENT_TARGET = 10.15;
				MTL_ENABLE_DEBUG_INFO = NO;
				MTL_FAST_MATH = YES;
				SDKROOT = macosx;
				SWIFT_COMPILATION_MODE = wholemodule;
				SWIFT_OPTIMIZATION_LEVEL = "-O";
			};
			name = Release;
		};
		575A610A24897B3100FBD34F /* Debug */ = {
			isa = XCBuildConfiguration;
			buildSettings = {
				ASSETCATALOG_COMPILER_APPICON_NAME = AppIcon;
				CODE_SIGN_ENTITLEMENTS = SemiStoryboard/SemiStoryboard.entitlements;
				CODE_SIGN_STYLE = Automatic;
				COMBINE_HIDPI_IMAGES = YES;
				DEVELOPMENT_TEAM = 358WHQF94W;
				ENABLE_HARDENED_RUNTIME = YES;
				INFOPLIST_FILE = SemiStoryboard/Info.plist;
				LD_RUNPATH_SEARCH_PATHS = (
					"$(inherited)",
					"@executable_path/../Frameworks",
				);
				PRODUCT_BUNDLE_IDENTIFIER = hu.purzelbaum.SemiStoryboard;
				PRODUCT_NAME = "$(TARGET_NAME)";
				SWIFT_VERSION = 5.0;
			};
			name = Debug;
		};
		575A610B24897B3100FBD34F /* Release */ = {
			isa = XCBuildConfiguration;
			buildSettings = {
				ASSETCATALOG_COMPILER_APPICON_NAME = AppIcon;
				CODE_SIGN_ENTITLEMENTS = SemiStoryboard/SemiStoryboard.entitlements;
				CODE_SIGN_STYLE = Automatic;
				COMBINE_HIDPI_IMAGES = YES;
				DEVELOPMENT_TEAM = 358WHQF94W;
				ENABLE_HARDENED_RUNTIME = YES;
				INFOPLIST_FILE = SemiStoryboard/Info.plist;
				LD_RUNPATH_SEARCH_PATHS = (
					"$(inherited)",
					"@executable_path/../Frameworks",
				);
				PRODUCT_BUNDLE_IDENTIFIER = hu.purzelbaum.SemiStoryboard;
				PRODUCT_NAME = "$(TARGET_NAME)";
				SWIFT_VERSION = 5.0;
			};
			name = Release;
		};
/* End XCBuildConfiguration section */

/* Begin XCConfigurationList section */
		575A60F424897B2F00FBD34F /* Build configuration list for PBXProject "SemiStoryboard" */ = {
			isa = XCConfigurationList;
			buildConfigurations = (
				575A610724897B3100FBD34F /* Debug */,
				575A610824897B3100FBD34F /* Release */,
			);
			defaultConfigurationIsVisible = 0;
			defaultConfigurationName = Release;
		};
		575A610924897B3100FBD34F /* Build configuration list for PBXNativeTarget "SemiStoryboard" */ = {
			isa = XCConfigurationList;
			buildConfigurations = (
				575A610A24897B3100FBD34F /* Debug */,
				575A610B24897B3100FBD34F /* Release */,
			);
			defaultConfigurationIsVisible = 0;
			defaultConfigurationName = Release;
		};
/* End XCConfigurationList section */
	};
	rootObject = 575A60F124897B2F00FBD34F /* Project object */;
}
